
Microsoft Visual Studio Solution File, Format Version 12.00
# Visual Studio 2013
VisualStudioVersion = 12.0.40629.0
MinimumVisualStudioVersion = 10.0.40219.1
Project("{FAE04EC0-301F-11D3-BF4B-00C04F79EFBC}") = "TypeScriptAngularApp", "TypeScriptAngularApp\TypeScriptAngularApp.csproj", "{A26B381A-7ABE-4957-8871-5685B410A4E9}"
EndProject
Project("{FAE04EC0-301F-11D3-BF4B-00C04F79EFBC}") = "StaticWebApp", "StaticWebApp\StaticWebApp.csproj", "{2ECAC3D9-2E25-4CF6-8396-36BAD0289D01}"
EndProject
Project("{FAE04EC0-301F-11D3-BF4B-00C04F79EFBC}") = "TypeScriptAngularWebApiApp", "TypeScriptAngularWebApiApp\TypeScriptAngularWebApiApp.csproj", "{515E8F4E-5272-4595-A168-0B3CF2956098}"
EndProject
Project("{2150E333-8FDC-42A3-9474-1A3956D46DE8}") = "docs", "docs", "{45459510-92CD-4457-98B5-5F43E3EC4F76}"
	ProjectSection(SolutionItems) = preProject
		Settings.StyleCop = Settings.StyleCop
		TypeScriptWebApiSample.sln.DotSettings = TypeScriptWebApiSample.sln.DotSettings
	EndProjectSection
EndProject
Global
	GlobalSection(SolutionConfigurationPlatforms) = preSolution
		Debug|Any CPU = Debug|Any CPU
		Release|Any CPU = Release|Any CPU
	EndGlobalSection
	GlobalSection(ProjectConfigurationPlatforms) = postSolution
		{A26B381A-7ABE-4957-8871-5685B410A4E9}.Debug|Any CPU.ActiveCfg = Debug|Any CPU
		{A26B381A-7ABE-4957-8871-5685B410A4E9}.Debug|Any CPU.Build.0 = Debug|Any CPU
		{A26B381A-7ABE-4957-8871-5685B410A4E9}.Release|Any CPU.ActiveCfg = Release|Any CPU
		{A26B381A-7ABE-4957-8871-5685B410A4E9}.Release|Any CPU.Build.0 = Release|Any CPU
		{2ECAC3D9-2E25-4CF6-8396-36BAD0289D01}.Debug|Any CPU.ActiveCfg = Debug|Any CPU
		{2ECAC3D9-2E25-4CF6-8396-36BAD0289D01}.Debug|Any CPU.Build.0 = Debug|Any CPU
		{2ECAC3D9-2E25-4CF6-8396-36BAD0289D01}.Release|Any CPU.ActiveCfg = Release|Any CPU
		{2ECAC3D9-2E25-4CF6-8396-36BAD0289D01}.Release|Any CPU.Build.0 = Release|Any CPU
		{515E8F4E-5272-4595-A168-0B3CF2956098}.Debug|Any CPU.ActiveCfg = Debug|Any CPU
		{515E8F4E-5272-4595-A168-0B3CF2956098}.Debug|Any CPU.Build.0 = Debug|Any CPU
		{515E8F4E-5272-4595-A168-0B3CF2956098}.Release|Any CPU.ActiveCfg = Release|Any CPU
		{515E8F4E-5272-4595-A168-0B3CF2956098}.Release|Any CPU.Build.0 = Release|Any CPU
	EndGlobalSection
	GlobalSection(SolutionProperties) = preSolution
		HideSolutionNode = FALSE
	EndGlobalSection
EndGlobal
